
Microsoft Visual Studio Solution File, Format Version 12.00
# Visual Studio Version 16
VisualStudioVersion = 16.0.31005.135
MinimumVisualStudioVersion = 10.0.40219.1
Project("{9A19103F-16F7-4668-BE54-9A1E7A4F7556}") = "FoodTrucks.Api", "FoodTrucks.Api\FoodTrucks.Api.csproj", "{90B2153A-3C6F-4EB1-9514-5DAAB1F15778}"
EndProject
Project("{FAE04EC0-301F-11D3-BF4B-00C04F79EFBC}") = "FoodTrucks.Test", "FoodTrucks.Test\FoodTrucks.Test.csproj", "{6A7B2A24-392D-47D1-8EE6-AA7DB24D3D09}"
EndProject
Global
	GlobalSection(SolutionConfigurationPlatforms) = preSolution
		Debug|Any CPU = Debug|Any CPU
		Release|Any CPU = Release|Any CPU
	EndGlobalSection
	GlobalSection(ProjectConfigurationPlatforms) = postSolution
		{90B2153A-3C6F-4EB1-9514-5DAAB1F15778}.Debug|Any CPU.ActiveCfg = Debug|Any CPU
		{90B2153A-3C6F-4EB1-9514-5DAAB1F15778}.Debug|Any CPU.Build.0 = Debug|Any CPU
		{90B2153A-3C6F-4EB1-9514-5DAAB1F15778}.Release|Any CPU.ActiveCfg = Release|Any CPU
		{90B2153A-3C6F-4EB1-9514-5DAAB1F15778}.Release|Any CPU.Build.0 = Release|Any CPU
		{6A7B2A24-392D-47D1-8EE6-AA7DB24D3D09}.Debug|Any CPU.ActiveCfg = Debug|Any CPU
		{6A7B2A24-392D-47D1-8EE6-AA7DB24D3D09}.Debug|Any CPU.Build.0 = Debug|Any CPU
		{6A7B2A24-392D-47D1-8EE6-AA7DB24D3D09}.Release|Any CPU.ActiveCfg = Release|Any CPU
		{6A7B2A24-392D-47D1-8EE6-AA7DB24D3D09}.Release|Any CPU.Build.0 = Release|Any CPU
	EndGlobalSection
	GlobalSection(SolutionProperties) = preSolution
		HideSolutionNode = FALSE
	EndGlobalSection
	GlobalSection(ExtensibilityGlobals) = postSolution
		SolutionGuid = {E70578A8-6743-4EF7-B196-8341CDE9F443}
	EndGlobalSection
EndGlobal
